{
  "version": 4,
  "terraform_version": "1.3.7",
  "serial": 26,
  "lineage": "78dd2afa-b578-2f5f-adcd-f72e42be874a",
  "outputs": {},
  "resources": [
    {
      "mode": "managed",
      "type": "local_file",
      "name": "bar",
      "provider": "provider[\"registry.terraform.io/hashicorp/local\"]",
      "instances": [
        {
          "schema_version": 0,
          "attributes": {
            "content": "This is my second file",
            "content_base64": null,
            "directory_permission": "0777",
            "file_permission": "0777",
            "filename": "file2.txt",
            "id": "a42a1f0ee6ba5e2338fa796c2ae3802c400bbb50",
            "sensitive_content": null,
            "source": null
          },
          "sensitive_attributes": []
        }
      ]
    },
    {
      "mode": "managed",
      "type": "local_file",
      "name": "foo",
      "provider": "provider[\"registry.terraform.io/hashicorp/local\"]",
      "instances": [
        {
          "schema_version": 0,
          "attributes": {
            "content": "hey how are you",
            "content_base64": null,
            "directory_permission": "0777",
            "file_permission": "0777",
            "filename": "file3.txt",
            "id": "efca59ffb8b2f2f69234786e44b45558533dcce5",
            "sensitive_content": null,
            "source": null
          },
          "sensitive_attributes": []
        }
      ]
    },
    {
      "mode": "managed",
      "type": "local_file",
      "name": "fooLx",
      "provider": "provider[\"registry.terraform.io/hashicorp/local\"]",
      "instances": [
        {
          "schema_version": 0,
          "attributes": {
            "content": "Hi how are you",
            "content_base64": null,
            "directory_permission": "0777",
            "file_permission": "0777",
            "filename": "local1.txt",
            "id": "7ddc2fb29386ae7ff2773cfa42e47f30f7072bfb",
            "sensitive_content": null,
            "source": null
          },
          "sensitive_attributes": []
        }
      ]
    },
    {
      "mode": "managed",
      "type": "local_file",
      "name": "fooLy",
      "provider": "provider[\"registry.terraform.io/hashicorp/local\"]",
      "instances": [
        {
          "schema_version": 0,
          "attributes": {
            "content": "Hi how are you",
            "content_base64": null,
            "directory_permission": "0777",
            "file_permission": "0777",
            "filename": "local2.txt",
            "id": "7ddc2fb29386ae7ff2773cfa42e47f30f7072bfb",
            "sensitive_content": null,
            "source": null
          },
          "sensitive_attributes": []
        }
      ]
    },
    {
      "mode": "managed",
      "type": "local_file",
      "name": "fooa",
      "provider": "provider[\"registry.terraform.io/hashicorp/local\"]",
      "instances": [
        {
          "schema_version": 0,
          "attributes": {
            "content": "This is my first file",
            "content_base64": null,
            "directory_permission": "0777",
            "file_permission": "0777",
            "filename": "MyFiles/file1.txt",
            "id": "ddfefcbe1e971972ae2c63028dd0d07ff596beee",
            "sensitive_content": null,
            "source": null
          },
          "sensitive_attributes": []
        }
      ]
    },
    {
      "mode": "managed",
      "type": "local_file",
      "name": "foob",
      "provider": "provider[\"registry.terraform.io/hashicorp/local\"]",
      "instances": [
        {
          "schema_version": 0,
          "attributes": {
            "content": "This is my second file",
            "content_base64": null,
            "directory_permission": "0777",
            "file_permission": "0777",
            "filename": "MyFiles/file2.txt",
            "id": "a42a1f0ee6ba5e2338fa796c2ae3802c400bbb50",
            "sensitive_content": null,
            "source": null
          },
          "sensitive_attributes": []
        }
      ]
    },
    {
      "mode": "managed",
      "type": "local_file",
      "name": "foox",
      "provider": "provider[\"registry.terraform.io/hashicorp/local\"]",
      "instances": [
        {
          "schema_version": 0,
          "attributes": {
            "content": "hey how are you",
            "content_base64": null,
            "directory_permission": "0777",
            "file_permission": "0777",
            "filename": "file1.txt",
            "id": "efca59ffb8b2f2f69234786e44b45558533dcce5",
            "sensitive_content": null,
            "source": null
          },
          "sensitive_attributes": []
        }
      ]
    }
  ],
  "check_results": null
}
