{
  "version": 4,
  "terraform_version": "1.3.7",
  "serial": 15,
  "lineage": "78dd2afa-b578-2f5f-adcd-f72e42be874a",
  "outputs": {},
  "resources": [
    {
      "mode": "managed",
      "type": "local_file",
      "name": "bar",
      "provider": "provider[\"registry.terraform.io/hashicorp/local\"]",
      "instances": [
        {
          "schema_version": 0,
          "attributes": {
            "content": "This is my second file",
            "content_base64": null,
            "directory_permission": "0777",
            "file_permission": "0777",
            "filename": "file2.txt",
            "id": "a42a1f0ee6ba5e2338fa796c2ae3802c400bbb50",
            "sensitive_content": null,
            "source": null
          },
          "sensitive_attributes": []
        }
      ]
    },
    {
      "mode": "managed",
      "type": "local_file",
      "name": "foo",
      "provider": "provider[\"registry.terraform.io/hashicorp/local\"]",
      "instances": [
        {
          "schema_version": 0,
          "attributes": {
            "content": "hey how are you",
            "content_base64": null,
            "directory_permission": "0777",
            "file_permission": "0777",
            "filename": "file3.txt",
            "id": "efca59ffb8b2f2f69234786e44b45558533dcce5",
            "sensitive_content": null,
            "source": null
          },
          "sensitive_attributes": []
        }
      ]
    },
    {
      "mode": "managed",
      "type": "local_file",
      "name": "foox",
      "provider": "provider[\"registry.terraform.io/hashicorp/local\"]",
      "instances": [
        {
          "schema_version": 0,
          "attributes": {
            "content": "hey how are you",
            "content_base64": null,
            "directory_permission": "0777",
            "file_permission": "0777",
            "filename": "file1.txt",
            "id": "efca59ffb8b2f2f69234786e44b45558533dcce5",
            "sensitive_content": null,
            "source": null
          },
          "sensitive_attributes": []
        }
      ]
    }
  ],
  "check_results": null
}
