{
  "version": 4,
  "terraform_version": "1.3.7",
  "serial": 44,
  "lineage": "78dd2afa-b578-2f5f-adcd-f72e42be874a",
  "outputs": {},
  "resources": [
    {
      "mode": "managed",
      "type": "local_file",
      "name": "bar",
      "provider": "provider[\"registry.terraform.io/hashicorp/local\"]",
      "instances": [
        {
          "schema_version": 0,
          "attributes": {
            "content": "This is my second file",
            "content_base64": null,
            "directory_permission": "0777",
            "file_permission": "0777",
            "filename": "file2.txt",
            "id": "a42a1f0ee6ba5e2338fa796c2ae3802c400bbb50",
            "sensitive_content": null,
            "source": null
          },
          "sensitive_attributes": []
        }
      ]
    },
    {
      "mode": "managed",
      "type": "local_file",
      "name": "foo",
      "provider": "provider[\"registry.terraform.io/hashicorp/local\"]",
      "instances": [
        {
          "schema_version": 0,
          "attributes": {
            "content": "hey how are you",
            "content_base64": null,
            "directory_permission": "0777",
            "file_permission": "0777",
            "filename": "file3.txt",
            "id": "efca59ffb8b2f2f69234786e44b45558533dcce5",
            "sensitive_content": null,
            "source": null
          },
          "sensitive_attributes": []
        }
      ]
    },
    {
      "mode": "managed",
      "type": "local_file",
      "name": "fooLx",
      "provider": "provider[\"registry.terraform.io/hashicorp/local\"]",
      "instances": [
        {
          "schema_version": 0,
          "attributes": {
            "content": "Hi how are you",
            "content_base64": null,
            "directory_permission": "0777",
            "file_permission": "0777",
            "filename": "local1.txt",
            "id": "7ddc2fb29386ae7ff2773cfa42e47f30f7072bfb",
            "sensitive_content": null,
            "source": null
          },
          "sensitive_attributes": []
        }
      ]
    },
    {
      "mode": "managed",
      "type": "local_file",
      "name": "fooLy",
      "provider": "provider[\"registry.terraform.io/hashicorp/local\"]",
      "instances": [
        {
          "schema_version": 0,
          "attributes": {
            "content": "Hi how are you",
            "content_base64": null,
            "directory_permission": "0777",
            "file_permission": "0777",
            "filename": "local2.txt",
            "id": "7ddc2fb29386ae7ff2773cfa42e47f30f7072bfb",
            "sensitive_content": null,
            "source": null
          },
          "sensitive_attributes": []
        }
      ]
    },
    {
      "mode": "managed",
      "type": "local_file",
      "name": "fooLz",
      "provider": "provider[\"registry.terraform.io/hashicorp/local\"]",
      "instances": [
        {
          "schema_version": 0,
          "attributes": {
            "content": "Hi how are you",
            "content_base64": null,
            "directory_permission": "0777",
            "file_permission": "0777",
            "filename": "8f31dcbab4b23e9d.html",
            "id": "7ddc2fb29386ae7ff2773cfa42e47f30f7072bfb",
            "sensitive_content": null,
            "source": null
          },
          "sensitive_attributes": [],
          "dependencies": [
            "random_id.random-file-name"
          ]
        }
      ]
    },
    {
      "mode": "managed",
      "type": "local_file",
      "name": "fooVar",
      "provider": "provider[\"registry.terraform.io/hashicorp/local\"]",
      "instances": [
        {
          "schema_version": 0,
          "attributes": {
            "content": "this is content from TFVARS",
            "content_base64": null,
            "directory_permission": "0777",
            "file_permission": "0777",
            "filename": "file100.txt",
            "id": "b7047f5d60b8300d1ee2af5c1139ab628a88de22",
            "sensitive_content": null,
            "source": null
          },
          "sensitive_attributes": []
        }
      ]
    },
    {
      "mode": "managed",
      "type": "local_file",
      "name": "fooVarPct",
      "provider": "provider[\"registry.terraform.io/hashicorp/local\"]",
      "instances": [
        {
          "schema_version": 0,
          "attributes": {
            "content": "#include \u003cbits/stdc++.h\u003e usingnamespace std; int x=2; cout\u003c\u003cx;",
            "content_base64": null,
            "directory_permission": "0777",
            "file_permission": "0777",
            "filename": "practiceMap.cpp",
            "id": "ba7100c0d7757d817c9e7587cc22495a35b61d16",
            "sensitive_content": null,
            "source": null
          },
          "sensitive_attributes": []
        }
      ]
    },
    {
      "mode": "managed",
      "type": "local_file",
      "name": "fooa",
      "provider": "provider[\"registry.terraform.io/hashicorp/local\"]",
      "instances": [
        {
          "schema_version": 0,
          "attributes": {
            "content": "This is my first file",
            "content_base64": null,
            "directory_permission": "0777",
            "file_permission": "0777",
            "filename": "MyFiles/file1.txt",
            "id": "ddfefcbe1e971972ae2c63028dd0d07ff596beee",
            "sensitive_content": null,
            "source": null
          },
          "sensitive_attributes": []
        }
      ]
    },
    {
      "mode": "managed",
      "type": "local_file",
      "name": "foob",
      "provider": "provider[\"registry.terraform.io/hashicorp/local\"]",
      "instances": [
        {
          "schema_version": 0,
          "attributes": {
            "content": "This is my second file",
            "content_base64": null,
            "directory_permission": "0777",
            "file_permission": "0777",
            "filename": "MyFiles/file2.txt",
            "id": "a42a1f0ee6ba5e2338fa796c2ae3802c400bbb50",
            "sensitive_content": null,
            "source": null
          },
          "sensitive_attributes": []
        }
      ]
    },
    {
      "mode": "managed",
      "type": "local_file",
      "name": "foox",
      "provider": "provider[\"registry.terraform.io/hashicorp/local\"]",
      "instances": [
        {
          "schema_version": 0,
          "attributes": {
            "content": "hey how are you",
            "content_base64": null,
            "directory_permission": "0777",
            "file_permission": "0777",
            "filename": "file1.txt",
            "id": "efca59ffb8b2f2f69234786e44b45558533dcce5",
            "sensitive_content": null,
            "source": null
          },
          "sensitive_attributes": []
        }
      ]
    },
    {
      "mode": "managed",
      "type": "random_id",
      "name": "random-file-name",
      "provider": "provider[\"registry.terraform.io/hashicorp/random\"]",
      "instances": [
        {
          "schema_version": 0,
          "attributes": {
            "b64_std": "jzHcurSyPp0=",
            "b64_url": "jzHcurSyPp0",
            "byte_length": 8,
            "dec": "10318270915736125085",
            "hex": "8f31dcbab4b23e9d",
            "id": "jzHcurSyPp0",
            "keepers": null,
            "prefix": null
          },
          "sensitive_attributes": []
        }
      ]
    }
  ],
  "check_results": null
}
